
Microsoft Visual Studio Solution File, Format Version 12.00
# Visual Studio 15
VisualStudioVersion = 15.0.28010.2026
MinimumVisualStudioVersion = 10.0.40219.1
Project("{FAE04EC0-301F-11D3-BF4B-00C04F79EFBC}") = "DpsCalculator", "DpsCalculator\DpsCalculator.csproj", "{D1F45D31-5318-4BFA-A5C2-218B1CA74497}"
EndProject
Global
	GlobalSection(SolutionConfigurationPlatforms) = preSolution
		Debug|Any CPU = Debug|Any CPU
		Release|Any CPU = Release|Any CPU
	EndGlobalSection
	GlobalSection(ProjectConfigurationPlatforms) = postSolution
		{D1F45D31-5318-4BFA-A5C2-218B1CA74497}.Debug|Any CPU.ActiveCfg = Debug|Any CPU
		{D1F45D31-5318-4BFA-A5C2-218B1CA74497}.Debug|Any CPU.Build.0 = Debug|Any CPU
		{D1F45D31-5318-4BFA-A5C2-218B1CA74497}.Release|Any CPU.ActiveCfg = Release|Any CPU
		{D1F45D31-5318-4BFA-A5C2-218B1CA74497}.Release|Any CPU.Build.0 = Release|Any CPU
	EndGlobalSection
	GlobalSection(SolutionProperties) = preSolution
		HideSolutionNode = FALSE
	EndGlobalSection
	GlobalSection(ExtensibilityGlobals) = postSolution
		SolutionGuid = {3C1E7457-DB3F-4761-9CDF-0ED431B3B991}
	EndGlobalSection
EndGlobal
